
Microsoft Visual Studio Solution File, Format Version 12.00
# Visual Studio 15
VisualStudioVersion = 15.0.28010.2036
MinimumVisualStudioVersion = 10.0.40219.1
Project("{8BC9CEB8-8B4A-11D0-8D11-00A0C91BC942}") = "hw31", "hw31\hw31.vcxproj", "{B9ED9BB0-222A-47A1-9D2E-66FB48EB219E}"
EndProject
Global
	GlobalSection(SolutionConfigurationPlatforms) = preSolution
		Debug|x64 = Debug|x64
		Debug|x86 = Debug|x86
		Release|x64 = Release|x64
		Release|x86 = Release|x86
	EndGlobalSection
	GlobalSection(ProjectConfigurationPlatforms) = postSolution
		{B9ED9BB0-222A-47A1-9D2E-66FB48EB219E}.Debug|x64.ActiveCfg = Debug|x64
		{B9ED9BB0-222A-47A1-9D2E-66FB48EB219E}.Debug|x64.Build.0 = Debug|x64
		{B9ED9BB0-222A-47A1-9D2E-66FB48EB219E}.Debug|x86.ActiveCfg = Debug|Win32
		{B9ED9BB0-222A-47A1-9D2E-66FB48EB219E}.Debug|x86.Build.0 = Debug|Win32
		{B9ED9BB0-222A-47A1-9D2E-66FB48EB219E}.Release|x64.ActiveCfg = Release|x64
		{B9ED9BB0-222A-47A1-9D2E-66FB48EB219E}.Release|x64.Build.0 = Release|x64
		{B9ED9BB0-222A-47A1-9D2E-66FB48EB219E}.Release|x86.ActiveCfg = Release|Win32
		{B9ED9BB0-222A-47A1-9D2E-66FB48EB219E}.Release|x86.Build.0 = Release|Win32
	EndGlobalSection
	GlobalSection(SolutionProperties) = preSolution
		HideSolutionNode = FALSE
	EndGlobalSection
	GlobalSection(ExtensibilityGlobals) = postSolution
		SolutionGuid = {D5D29258-6855-40C4-878B-6627AC4570DB}
	EndGlobalSection
EndGlobal
